// !$*UTF8*$!
{
	archiveVersion = 1;
	classes = {
	};
	objectVersion = 56;
	objects = {

/* Begin PBXBuildFile section */
		9B8E7BE02B9496D6001F3D88 /* AppDelegate.swift in Sources */ = {isa = PBXBuildFile; fileRef = 9B8E7BDF2B9496D6001F3D88 /* AppDelegate.swift */; };
		9B8E7BE22B9496D6001F3D88 /* SceneDelegate.swift in Sources */ = {isa = PBXBuildFile; fileRef = 9B8E7BE12B9496D6001F3D88 /* SceneDelegate.swift */; };
		9B8E7BE42B9496D6001F3D88 /* ViewController.swift in Sources */ = {isa = PBXBuildFile; fileRef = 9B8E7BE32B9496D6001F3D88 /* ViewController.swift */; };
		9B8E7BE72B9496D6001F3D88 /* Main.storyboard in Resources */ = {isa = PBXBuildFile; fileRef = 9B8E7BE52B9496D6001F3D88 /* Main.storyboard */; };
		9B8E7BE92B9496D9001F3D88 /* Assets.xcassets in Resources */ = {isa = PBXBuildFile; fileRef = 9B8E7BE82B9496D9001F3D88 /* Assets.xcassets */; };
		9B8E7BEC2B9496D9001F3D88 /* LaunchScreen.storyboard in Resources */ = {isa = PBXBuildFile; fileRef = 9B8E7BEA2B9496D9001F3D88 /* LaunchScreen.storyboard */; };
		9B8E7BFB2B9497D3001F3D88 /* ShareShortFormModel.xcdatamodeld in Sources */ = {isa = PBXBuildFile; fileRef = 9B8E7BF92B9497D3001F3D88 /* ShareShortFormModel.xcdatamodeld */; };
		9B8E7BFD2B9499A2001F3D88 /* SFModel.swift in Sources */ = {isa = PBXBuildFile; fileRef = 9B8E7BFC2B9499A2001F3D88 /* SFModel.swift */; };
		9B8E7BFF2B949AE8001F3D88 /* SFListViewModel.swift in Sources */ = {isa = PBXBuildFile; fileRef = 9B8E7BFE2B949AE8001F3D88 /* SFListViewModel.swift */; };
		9B8E7C012B949C53001F3D88 /* SFViewModel.swift in Sources */ = {isa = PBXBuildFile; fileRef = 9B8E7C002B949C53001F3D88 /* SFViewModel.swift */; };
		9B8E7C032B949E05001F3D88 /* MySFViewController.swift in Sources */ = {isa = PBXBuildFile; fileRef = 9B8E7C022B949E05001F3D88 /* MySFViewController.swift */; };
		9B8E7C052B949FCC001F3D88 /* SFRowCell.swift in Sources */ = {isa = PBXBuildFile; fileRef = 9B8E7C042B949FCC001F3D88 /* SFRowCell.swift */; };
		9B8E7C082B94A519001F3D88 /* SFFetchInterface.swift in Sources */ = {isa = PBXBuildFile; fileRef = 9B8E7C072B94A519001F3D88 /* SFFetchInterface.swift */; };
		9B8E7C0A2B94A691001F3D88 /* TestSFFetcher.swift in Sources */ = {isa = PBXBuildFile; fileRef = 9B8E7C092B94A691001F3D88 /* TestSFFetcher.swift */; };
		9B8E7C0C2B94C1FA001F3D88 /* APIRequestManager.swift in Sources */ = {isa = PBXBuildFile; fileRef = 9B8E7C0B2B94C1FA001F3D88 /* APIRequestManager.swift */; };
		9B8E7C0E2B94C216001F3D88 /* APIFetcherInterface.swift in Sources */ = {isa = PBXBuildFile; fileRef = 9B8E7C0D2B94C216001F3D88 /* APIFetcherInterface.swift */; };
		9B8E7C112B94C336001F3D88 /* DefaultResponseModel.swift in Sources */ = {isa = PBXBuildFile; fileRef = 9B8E7C102B94C336001F3D88 /* DefaultResponseModel.swift */; };
		9B8E7C142B94C6AB001F3D88 /* Alamofire in Frameworks */ = {isa = PBXBuildFile; productRef = 9B8E7C132B94C6AB001F3D88 /* Alamofire */; };
		9B8E7C172B94DAF9001F3D88 /* ShortCapContainer.swift in Sources */ = {isa = PBXBuildFile; fileRef = 9B8E7C162B94DAF9001F3D88 /* ShortCapContainer.swift */; };
		9B8E7C1B2B94EC22001F3D88 /* SharedShortForm+CoreDataClass.swift in Sources */ = {isa = PBXBuildFile; fileRef = 9B8E7C192B94EC22001F3D88 /* SharedShortForm+CoreDataClass.swift */; };
		9B8E7C1C2B94EC22001F3D88 /* SharedShortForm+CoreDataProperties.swift in Sources */ = {isa = PBXBuildFile; fileRef = 9B8E7C1A2B94EC22001F3D88 /* SharedShortForm+CoreDataProperties.swift */; };
		9B8E7C242B94F3AD001F3D88 /* ShareViewController.swift in Sources */ = {isa = PBXBuildFile; fileRef = 9B8E7C232B94F3AD001F3D88 /* ShareViewController.swift */; };
		9B8E7C2B2B94F3AD001F3D88 /* ShareExtensionForShortCap.appex in Embed Foundation Extensions */ = {isa = PBXBuildFile; fileRef = 9B8E7C212B94F3AD001F3D88 /* ShareExtensionForShortCap.appex */; settings = {ATTRIBUTES = (RemoveHeadersOnCopy, ); }; };
		9B8E7C362B94FA65001F3D88 /* ShareShortFormModel.xcdatamodeld in Sources */ = {isa = PBXBuildFile; fileRef = 9B8E7BF92B9497D3001F3D88 /* ShareShortFormModel.xcdatamodeld */; };
		9B8E7C372B94FA92001F3D88 /* SharedShortForm+CoreDataProperties.swift in Sources */ = {isa = PBXBuildFile; fileRef = 9B8E7C1A2B94EC22001F3D88 /* SharedShortForm+CoreDataProperties.swift */; };
		9B8E7C382B94FA92001F3D88 /* SharedShortForm+CoreDataClass.swift in Sources */ = {isa = PBXBuildFile; fileRef = 9B8E7C192B94EC22001F3D88 /* SharedShortForm+CoreDataClass.swift */; };
		9B8E7C392B94FFC8001F3D88 /* ShortCapContainer.swift in Sources */ = {isa = PBXBuildFile; fileRef = 9B8E7C162B94DAF9001F3D88 /* ShortCapContainer.swift */; };
		9B8E7C3A2B94FFEB001F3D88 /* SFFetchInterface.swift in Sources */ = {isa = PBXBuildFile; fileRef = 9B8E7C072B94A519001F3D88 /* SFFetchInterface.swift */; };
		9B8E7C3B2B94FFF6001F3D88 /* SFModel.swift in Sources */ = {isa = PBXBuildFile; fileRef = 9B8E7BFC2B9499A2001F3D88 /* SFModel.swift */; };
/* End PBXBuildFile section */

/* Begin PBXContainerItemProxy section */
		9B8E7C292B94F3AD001F3D88 /* PBXContainerItemProxy */ = {
			isa = PBXContainerItemProxy;
			containerPortal = 9B8E7BD42B9496D6001F3D88 /* Project object */;
			proxyType = 1;
			remoteGlobalIDString = 9B8E7C202B94F3AD001F3D88;
			remoteInfo = ShareExtensionForShortCap;
		};
/* End PBXContainerItemProxy section */

/* Begin PBXCopyFilesBuildPhase section */
		9B8E7C2F2B94F3AD001F3D88 /* Embed Foundation Extensions */ = {
			isa = PBXCopyFilesBuildPhase;
			buildActionMask = 2147483647;
			dstPath = "";
			dstSubfolderSpec = 13;
			files = (
				9B8E7C2B2B94F3AD001F3D88 /* ShareExtensionForShortCap.appex in Embed Foundation Extensions */,
			);
			name = "Embed Foundation Extensions";
			runOnlyForDeploymentPostprocessing = 0;
		};
/* End PBXCopyFilesBuildPhase section */

/* Begin PBXFileReference section */
		9B8E7BDC2B9496D6001F3D88 /* ShortCapTest.app */ = {isa = PBXFileReference; explicitFileType = wrapper.application; includeInIndex = 0; path = ShortCapTest.app; sourceTree = BUILT_PRODUCTS_DIR; };
		9B8E7BDF2B9496D6001F3D88 /* AppDelegate.swift */ = {isa = PBXFileReference; lastKnownFileType = sourcecode.swift; path = AppDelegate.swift; sourceTree = "<group>"; };
		9B8E7BE12B9496D6001F3D88 /* SceneDelegate.swift */ = {isa = PBXFileReference; lastKnownFileType = sourcecode.swift; path = SceneDelegate.swift; sourceTree = "<group>"; };
		9B8E7BE32B9496D6001F3D88 /* ViewController.swift */ = {isa = PBXFileReference; lastKnownFileType = sourcecode.swift; path = ViewController.swift; sourceTree = "<group>"; };
		9B8E7BE62B9496D6001F3D88 /* Base */ = {isa = PBXFileReference; lastKnownFileType = file.storyboard; name = Base; path = Base.lproj/Main.storyboard; sourceTree = "<group>"; };
		9B8E7BE82B9496D9001F3D88 /* Assets.xcassets */ = {isa = PBXFileReference; lastKnownFileType = folder.assetcatalog; path = Assets.xcassets; sourceTree = "<group>"; };
		9B8E7BEB2B9496D9001F3D88 /* Base */ = {isa = PBXFileReference; lastKnownFileType = file.storyboard; name = Base; path = Base.lproj/LaunchScreen.storyboard; sourceTree = "<group>"; };
		9B8E7BED2B9496D9001F3D88 /* Info.plist */ = {isa = PBXFileReference; lastKnownFileType = text.plist.xml; path = Info.plist; sourceTree = "<group>"; };
		9B8E7BFA2B9497D3001F3D88 /* ShareShortFormModel.xcdatamodel */ = {isa = PBXFileReference; lastKnownFileType = wrapper.xcdatamodel; path = ShareShortFormModel.xcdatamodel; sourceTree = "<group>"; };
		9B8E7BFC2B9499A2001F3D88 /* SFModel.swift */ = {isa = PBXFileReference; lastKnownFileType = sourcecode.swift; path = SFModel.swift; sourceTree = "<group>"; };
		9B8E7BFE2B949AE8001F3D88 /* SFListViewModel.swift */ = {isa = PBXFileReference; lastKnownFileType = sourcecode.swift; path = SFListViewModel.swift; sourceTree = "<group>"; };
		9B8E7C002B949C53001F3D88 /* SFViewModel.swift */ = {isa = PBXFileReference; lastKnownFileType = sourcecode.swift; path = SFViewModel.swift; sourceTree = "<group>"; };
		9B8E7C022B949E05001F3D88 /* MySFViewController.swift */ = {isa = PBXFileReference; lastKnownFileType = sourcecode.swift; path = MySFViewController.swift; sourceTree = "<group>"; };
		9B8E7C042B949FCC001F3D88 /* SFRowCell.swift */ = {isa = PBXFileReference; lastKnownFileType = sourcecode.swift; path = SFRowCell.swift; sourceTree = "<group>"; };
		9B8E7C072B94A519001F3D88 /* SFFetchInterface.swift */ = {isa = PBXFileReference; lastKnownFileType = sourcecode.swift; path = SFFetchInterface.swift; sourceTree = "<group>"; };
		9B8E7C092B94A691001F3D88 /* TestSFFetcher.swift */ = {isa = PBXFileReference; lastKnownFileType = sourcecode.swift; path = TestSFFetcher.swift; sourceTree = "<group>"; };
		9B8E7C0B2B94C1FA001F3D88 /* APIRequestManager.swift */ = {isa = PBXFileReference; lastKnownFileType = sourcecode.swift; path = APIRequestManager.swift; sourceTree = "<group>"; };
		9B8E7C0D2B94C216001F3D88 /* APIFetcherInterface.swift */ = {isa = PBXFileReference; lastKnownFileType = sourcecode.swift; path = APIFetcherInterface.swift; sourceTree = "<group>"; };
		9B8E7C102B94C336001F3D88 /* DefaultResponseModel.swift */ = {isa = PBXFileReference; lastKnownFileType = sourcecode.swift; path = DefaultResponseModel.swift; sourceTree = "<group>"; };
		9B8E7C162B94DAF9001F3D88 /* ShortCapContainer.swift */ = {isa = PBXFileReference; lastKnownFileType = sourcecode.swift; path = ShortCapContainer.swift; sourceTree = "<group>"; };
		9B8E7C192B94EC22001F3D88 /* SharedShortForm+CoreDataClass.swift */ = {isa = PBXFileReference; lastKnownFileType = sourcecode.swift; name = "SharedShortForm+CoreDataClass.swift"; path = "ShortCapTest/MyShortForm/Service/CoreData/Manual Classes/SharedShortForm+CoreDataClass.swift"; sourceTree = "<group>"; };
		9B8E7C1A2B94EC22001F3D88 /* SharedShortForm+CoreDataProperties.swift */ = {isa = PBXFileReference; lastKnownFileType = sourcecode.swift; name = "SharedShortForm+CoreDataProperties.swift"; path = "ShortCapTest/MyShortForm/Service/CoreData/Manual Classes/SharedShortForm+CoreDataProperties.swift"; sourceTree = "<group>"; };
		9B8E7C212B94F3AD001F3D88 /* ShareExtensionForShortCap.appex */ = {isa = PBXFileReference; explicitFileType = "wrapper.app-extension"; includeInIndex = 0; path = ShareExtensionForShortCap.appex; sourceTree = BUILT_PRODUCTS_DIR; };
		9B8E7C232B94F3AD001F3D88 /* ShareViewController.swift */ = {isa = PBXFileReference; lastKnownFileType = sourcecode.swift; path = ShareViewController.swift; sourceTree = "<group>"; };
		9B8E7C282B94F3AD001F3D88 /* Info.plist */ = {isa = PBXFileReference; lastKnownFileType = text.plist.xml; path = Info.plist; sourceTree = "<group>"; };
		9B8E7C302B94F3CF001F3D88 /* ShareExtensionForShortCap.entitlements */ = {isa = PBXFileReference; lastKnownFileType = text.plist.entitlements; path = ShareExtensionForShortCap.entitlements; sourceTree = "<group>"; };
		9B8E7C312B94F3E2001F3D88 /* ShortCapTest.entitlements */ = {isa = PBXFileReference; lastKnownFileType = text.plist.entitlements; path = ShortCapTest.entitlements; sourceTree = "<group>"; };
		9B8E7C342B94F7B4001F3D88 /* ShortCapTest */ = {isa = PBXFileReference; lastKnownFileType = folder; path = ShortCapTest; sourceTree = "<group>"; };
/* End PBXFileReference section */

/* Begin PBXFrameworksBuildPhase section */
		9B8E7BD92B9496D6001F3D88 /* Frameworks */ = {
			isa = PBXFrameworksBuildPhase;
			buildActionMask = 2147483647;
			files = (
				9B8E7C142B94C6AB001F3D88 /* Alamofire in Frameworks */,
			);
			runOnlyForDeploymentPostprocessing = 0;
		};
		9B8E7C1E2B94F3AD001F3D88 /* Frameworks */ = {
			isa = PBXFrameworksBuildPhase;
			buildActionMask = 2147483647;
			files = (
			);
			runOnlyForDeploymentPostprocessing = 0;
		};
/* End PBXFrameworksBuildPhase section */

/* Begin PBXGroup section */
		9B8E7BD32B9496D6001F3D88 = {
			isa = PBXGroup;
			children = (
				9B8E7C192B94EC22001F3D88 /* SharedShortForm+CoreDataClass.swift */,
				9B8E7C1A2B94EC22001F3D88 /* SharedShortForm+CoreDataProperties.swift */,
				9B8E7BDE2B9496D6001F3D88 /* ShortCapTest */,
				9B8E7C222B94F3AD001F3D88 /* ShareExtensionForShortCap */,
				9B8E7BDD2B9496D6001F3D88 /* Products */,
				9B8E7C332B94F7B4001F3D88 /* Frameworks */,
			);
			sourceTree = "<group>";
		};
		9B8E7BDD2B9496D6001F3D88 /* Products */ = {
			isa = PBXGroup;
			children = (
				9B8E7BDC2B9496D6001F3D88 /* ShortCapTest.app */,
				9B8E7C212B94F3AD001F3D88 /* ShareExtensionForShortCap.appex */,
			);
			name = Products;
			sourceTree = "<group>";
		};
		9B8E7BDE2B9496D6001F3D88 /* ShortCapTest */ = {
			isa = PBXGroup;
			children = (
				9B8E7C312B94F3E2001F3D88 /* ShortCapTest.entitlements */,
				9B8E7BF32B9496F8001F3D88 /* MyShortForm */,
				9B8E7BDF2B9496D6001F3D88 /* AppDelegate.swift */,
				9B8E7BE12B9496D6001F3D88 /* SceneDelegate.swift */,
				9B8E7BE32B9496D6001F3D88 /* ViewController.swift */,
				9B8E7BE52B9496D6001F3D88 /* Main.storyboard */,
				9B8E7BE82B9496D9001F3D88 /* Assets.xcassets */,
				9B8E7BEA2B9496D9001F3D88 /* LaunchScreen.storyboard */,
				9B8E7BED2B9496D9001F3D88 /* Info.plist */,
			);
			path = ShortCapTest;
			sourceTree = "<group>";
		};
		9B8E7BF32B9496F8001F3D88 /* MyShortForm */ = {
			isa = PBXGroup;
			children = (
				9B8E7C062B94A2A1001F3D88 /* InterFace */,
				9B8E7BF72B949723001F3D88 /* Service */,
				9B8E7BF62B949710001F3D88 /* Model */,
				9B8E7BF52B94970C001F3D88 /* View */,
				9B8E7BF42B949702001F3D88 /* VIewModel */,
			);
			path = MyShortForm;
			sourceTree = "<group>";
		};
		9B8E7BF42B949702001F3D88 /* VIewModel */ = {
			isa = PBXGroup;
			children = (
				9B8E7BFE2B949AE8001F3D88 /* SFListViewModel.swift */,
				9B8E7C002B949C53001F3D88 /* SFViewModel.swift */,
			);
			path = VIewModel;
			sourceTree = "<group>";
		};
		9B8E7BF52B94970C001F3D88 /* View */ = {
			isa = PBXGroup;
			children = (
				9B8E7C022B949E05001F3D88 /* MySFViewController.swift */,
				9B8E7C042B949FCC001F3D88 /* SFRowCell.swift */,
			);
			path = View;
			sourceTree = "<group>";
		};
		9B8E7BF62B949710001F3D88 /* Model */ = {
			isa = PBXGroup;
			children = (
				9B8E7C0F2B94C31C001F3D88 /* DTO */,
				9B8E7BFC2B9499A2001F3D88 /* SFModel.swift */,
			);
			path = Model;
			sourceTree = "<group>";
		};
		9B8E7BF72B949723001F3D88 /* Service */ = {
			isa = PBXGroup;
			children = (
				9B8E7C152B94DAA1001F3D88 /* NetWork */,
				9B8E7BF82B94979C001F3D88 /* CoreData */,
			);
			path = Service;
			sourceTree = "<group>";
		};
		9B8E7BF82B94979C001F3D88 /* CoreData */ = {
			isa = PBXGroup;
			children = (
				9B8E7C182B94EBFC001F3D88 /* Manual Classes */,
				9B8E7C092B94A691001F3D88 /* TestSFFetcher.swift */,
				9B8E7BF92B9497D3001F3D88 /* ShareShortFormModel.xcdatamodeld */,
				9B8E7C162B94DAF9001F3D88 /* ShortCapContainer.swift */,
			);
			path = CoreData;
			sourceTree = "<group>";
		};
		9B8E7C062B94A2A1001F3D88 /* InterFace */ = {
			isa = PBXGroup;
			children = (
				9B8E7C072B94A519001F3D88 /* SFFetchInterface.swift */,
				9B8E7C0D2B94C216001F3D88 /* APIFetcherInterface.swift */,
			);
			path = InterFace;
			sourceTree = "<group>";
		};
		9B8E7C0F2B94C31C001F3D88 /* DTO */ = {
			isa = PBXGroup;
			children = (
				9B8E7C102B94C336001F3D88 /* DefaultResponseModel.swift */,
			);
			path = DTO;
			sourceTree = "<group>";
		};
		9B8E7C152B94DAA1001F3D88 /* NetWork */ = {
			isa = PBXGroup;
			children = (
				9B8E7C0B2B94C1FA001F3D88 /* APIRequestManager.swift */,
			);
			path = NetWork;
			sourceTree = "<group>";
		};
		9B8E7C182B94EBFC001F3D88 /* Manual Classes */ = {
			isa = PBXGroup;
			children = (
			);
			path = "Manual Classes";
			sourceTree = "<group>";
		};
		9B8E7C222B94F3AD001F3D88 /* ShareExtensionForShortCap */ = {
			isa = PBXGroup;
			children = (
				9B8E7C302B94F3CF001F3D88 /* ShareExtensionForShortCap.entitlements */,
				9B8E7C232B94F3AD001F3D88 /* ShareViewController.swift */,
				9B8E7C282B94F3AD001F3D88 /* Info.plist */,
			);
			path = ShareExtensionForShortCap;
			sourceTree = "<group>";
		};
		9B8E7C332B94F7B4001F3D88 /* Frameworks */ = {
			isa = PBXGroup;
			children = (
				9B8E7C342B94F7B4001F3D88 /* ShortCapTest */,
			);
			name = Frameworks;
			sourceTree = "<group>";
		};
/* End PBXGroup section */

/* Begin PBXNativeTarget section */
		9B8E7BDB2B9496D6001F3D88 /* ShortCapTest */ = {
			isa = PBXNativeTarget;
			buildConfigurationList = 9B8E7BF02B9496D9001F3D88 /* Build configuration list for PBXNativeTarget "ShortCapTest" */;
			buildPhases = (
				9B8E7BD82B9496D6001F3D88 /* Sources */,
				9B8E7BD92B9496D6001F3D88 /* Frameworks */,
				9B8E7BDA2B9496D6001F3D88 /* Resources */,
				9B8E7C2F2B94F3AD001F3D88 /* Embed Foundation Extensions */,
			);
			buildRules = (
			);
			dependencies = (
				9B8E7C2A2B94F3AD001F3D88 /* PBXTargetDependency */,
			);
			name = ShortCapTest;
			packageProductDependencies = (
				9B8E7C132B94C6AB001F3D88 /* Alamofire */,
			);
			productName = ShortCapTest;
			productReference = 9B8E7BDC2B9496D6001F3D88 /* ShortCapTest.app */;
			productType = "com.apple.product-type.application";
		};
		9B8E7C202B94F3AD001F3D88 /* ShareExtensionForShortCap */ = {
			isa = PBXNativeTarget;
			buildConfigurationList = 9B8E7C2C2B94F3AD001F3D88 /* Build configuration list for PBXNativeTarget "ShareExtensionForShortCap" */;
			buildPhases = (
				9B8E7C1D2B94F3AD001F3D88 /* Sources */,
				9B8E7C1E2B94F3AD001F3D88 /* Frameworks */,
				9B8E7C1F2B94F3AD001F3D88 /* Resources */,
			);
			buildRules = (
			);
			dependencies = (
			);
			name = ShareExtensionForShortCap;
			productName = ShareExtensionForShortCap;
			productReference = 9B8E7C212B94F3AD001F3D88 /* ShareExtensionForShortCap.appex */;
			productType = "com.apple.product-type.app-extension";
		};
/* End PBXNativeTarget section */

/* Begin PBXProject section */
		9B8E7BD42B9496D6001F3D88 /* Project object */ = {
			isa = PBXProject;
			attributes = {
				BuildIndependentTargetsInParallel = 1;
				LastSwiftUpdateCheck = 1500;
				LastUpgradeCheck = 1500;
				TargetAttributes = {
					9B8E7BDB2B9496D6001F3D88 = {
						CreatedOnToolsVersion = 15.0;
					};
					9B8E7C202B94F3AD001F3D88 = {
						CreatedOnToolsVersion = 15.0;
					};
				};
			};
			buildConfigurationList = 9B8E7BD72B9496D6001F3D88 /* Build configuration list for PBXProject "ShortCapTest" */;
			compatibilityVersion = "Xcode 14.0";
			developmentRegion = en;
			hasScannedForEncodings = 0;
			knownRegions = (
				en,
				Base,
			);
			mainGroup = 9B8E7BD32B9496D6001F3D88;
			packageReferences = (
				9B8E7C122B94C6AB001F3D88 /* XCRemoteSwiftPackageReference "Alamofire" */,
			);
			productRefGroup = 9B8E7BDD2B9496D6001F3D88 /* Products */;
			projectDirPath = "";
			projectRoot = "";
			targets = (
				9B8E7BDB2B9496D6001F3D88 /* ShortCapTest */,
				9B8E7C202B94F3AD001F3D88 /* ShareExtensionForShortCap */,
			);
		};
/* End PBXProject section */

/* Begin PBXResourcesBuildPhase section */
		9B8E7BDA2B9496D6001F3D88 /* Resources */ = {
			isa = PBXResourcesBuildPhase;
			buildActionMask = 2147483647;
			files = (
				9B8E7BEC2B9496D9001F3D88 /* LaunchScreen.storyboard in Resources */,
				9B8E7BE92B9496D9001F3D88 /* Assets.xcassets in Resources */,
				9B8E7BE72B9496D6001F3D88 /* Main.storyboard in Resources */,
			);
			runOnlyForDeploymentPostprocessing = 0;
		};
		9B8E7C1F2B94F3AD001F3D88 /* Resources */ = {
			isa = PBXResourcesBuildPhase;
			buildActionMask = 2147483647;
			files = (
			);
			runOnlyForDeploymentPostprocessing = 0;
		};
/* End PBXResourcesBuildPhase section */

/* Begin PBXSourcesBuildPhase section */
		9B8E7BD82B9496D6001F3D88 /* Sources */ = {
			isa = PBXSourcesBuildPhase;
			buildActionMask = 2147483647;
			files = (
				9B8E7C0C2B94C1FA001F3D88 /* APIRequestManager.swift in Sources */,
				9B8E7C1C2B94EC22001F3D88 /* SharedShortForm+CoreDataProperties.swift in Sources */,
				9B8E7BFB2B9497D3001F3D88 /* ShareShortFormModel.xcdatamodeld in Sources */,
				9B8E7C0E2B94C216001F3D88 /* APIFetcherInterface.swift in Sources */,
				9B8E7C032B949E05001F3D88 /* MySFViewController.swift in Sources */,
				9B8E7C112B94C336001F3D88 /* DefaultResponseModel.swift in Sources */,
				9B8E7C1B2B94EC22001F3D88 /* SharedShortForm+CoreDataClass.swift in Sources */,
				9B8E7BE42B9496D6001F3D88 /* ViewController.swift in Sources */,
				9B8E7BE02B9496D6001F3D88 /* AppDelegate.swift in Sources */,
				9B8E7C012B949C53001F3D88 /* SFViewModel.swift in Sources */,
				9B8E7BE22B9496D6001F3D88 /* SceneDelegate.swift in Sources */,
				9B8E7C0A2B94A691001F3D88 /* TestSFFetcher.swift in Sources */,
				9B8E7C052B949FCC001F3D88 /* SFRowCell.swift in Sources */,
				9B8E7C172B94DAF9001F3D88 /* ShortCapContainer.swift in Sources */,
				9B8E7C082B94A519001F3D88 /* SFFetchInterface.swift in Sources */,
				9B8E7BFD2B9499A2001F3D88 /* SFModel.swift in Sources */,
				9B8E7BFF2B949AE8001F3D88 /* SFListViewModel.swift in Sources */,
			);
			runOnlyForDeploymentPostprocessing = 0;
		};
		9B8E7C1D2B94F3AD001F3D88 /* Sources */ = {
			isa = PBXSourcesBuildPhase;
			buildActionMask = 2147483647;
			files = (
				9B8E7C3B2B94FFF6001F3D88 /* SFModel.swift in Sources */,
				9B8E7C3A2B94FFEB001F3D88 /* SFFetchInterface.swift in Sources */,
				9B8E7C392B94FFC8001F3D88 /* ShortCapContainer.swift in Sources */,
				9B8E7C362B94FA65001F3D88 /* ShareShortFormModel.xcdatamodeld in Sources */,
				9B8E7C382B94FA92001F3D88 /* SharedShortForm+CoreDataClass.swift in Sources */,
				9B8E7C242B94F3AD001F3D88 /* ShareViewController.swift in Sources */,
				9B8E7C372B94FA92001F3D88 /* SharedShortForm+CoreDataProperties.swift in Sources */,
			);
			runOnlyForDeploymentPostprocessing = 0;
		};
/* End PBXSourcesBuildPhase section */

/* Begin PBXTargetDependency section */
		9B8E7C2A2B94F3AD001F3D88 /* PBXTargetDependency */ = {
			isa = PBXTargetDependency;
			target = 9B8E7C202B94F3AD001F3D88 /* ShareExtensionForShortCap */;
			targetProxy = 9B8E7C292B94F3AD001F3D88 /* PBXContainerItemProxy */;
		};
/* End PBXTargetDependency section */

/* Begin PBXVariantGroup section */
		9B8E7BE52B9496D6001F3D88 /* Main.storyboard */ = {
			isa = PBXVariantGroup;
			children = (
				9B8E7BE62B9496D6001F3D88 /* Base */,
			);
			name = Main.storyboard;
			sourceTree = "<group>";
		};
		9B8E7BEA2B9496D9001F3D88 /* LaunchScreen.storyboard */ = {
			isa = PBXVariantGroup;
			children = (
				9B8E7BEB2B9496D9001F3D88 /* Base */,
			);
			name = LaunchScreen.storyboard;
			sourceTree = "<group>";
		};
/* End PBXVariantGroup section */

/* Begin XCBuildConfiguration section */
		9B8E7BEE2B9496D9001F3D88 /* Debug */ = {
			isa = XCBuildConfiguration;
			buildSettings = {
				ALWAYS_SEARCH_USER_PATHS = NO;
				ASSETCATALOG_COMPILER_GENERATE_SWIFT_ASSET_SYMBOL_EXTENSIONS = YES;
				CLANG_ANALYZER_NONNULL = YES;
				CLANG_ANALYZER_NUMBER_OBJECT_CONVERSION = YES_AGGRESSIVE;
				CLANG_CXX_LANGUAGE_STANDARD = "gnu++20";
				CLANG_ENABLE_MODULES = YES;
				CLANG_ENABLE_OBJC_ARC = YES;
				CLANG_ENABLE_OBJC_WEAK = YES;
				CLANG_WARN_BLOCK_CAPTURE_AUTORELEASING = YES;
				CLANG_WARN_BOOL_CONVERSION = YES;
				CLANG_WARN_COMMA = YES;
				CLANG_WARN_CONSTANT_CONVERSION = YES;
				CLANG_WARN_DEPRECATED_OBJC_IMPLEMENTATIONS = YES;
				CLANG_WARN_DIRECT_OBJC_ISA_USAGE = YES_ERROR;
				CLANG_WARN_DOCUMENTATION_COMMENTS = YES;
				CLANG_WARN_EMPTY_BODY = YES;
				CLANG_WARN_ENUM_CONVERSION = YES;
				CLANG_WARN_INFINITE_RECURSION = YES;
				CLANG_WARN_INT_CONVERSION = YES;
				CLANG_WARN_NON_LITERAL_NULL_CONVERSION = YES;
				CLANG_WARN_OBJC_IMPLICIT_RETAIN_SELF = YES;
				CLANG_WARN_OBJC_LITERAL_CONVERSION = YES;
				CLANG_WARN_OBJC_ROOT_CLASS = YES_ERROR;
				CLANG_WARN_QUOTED_INCLUDE_IN_FRAMEWORK_HEADER = YES;
				CLANG_WARN_RANGE_LOOP_ANALYSIS = YES;
				CLANG_WARN_STRICT_PROTOTYPES = YES;
				CLANG_WARN_SUSPICIOUS_MOVE = YES;
				CLANG_WARN_UNGUARDED_AVAILABILITY = YES_AGGRESSIVE;
				CLANG_WARN_UNREACHABLE_CODE = YES;
				CLANG_WARN__DUPLICATE_METHOD_MATCH = YES;
				COPY_PHASE_STRIP = NO;
				DEBUG_INFORMATION_FORMAT = dwarf;
				ENABLE_STRICT_OBJC_MSGSEND = YES;
				ENABLE_TESTABILITY = YES;
				ENABLE_USER_SCRIPT_SANDBOXING = YES;
				GCC_C_LANGUAGE_STANDARD = gnu17;
				GCC_DYNAMIC_NO_PIC = NO;
				GCC_NO_COMMON_BLOCKS = YES;
				GCC_OPTIMIZATION_LEVEL = 0;
				GCC_PREPROCESSOR_DEFINITIONS = (
					"DEBUG=1",
					"$(inherited)",
				);
				GCC_WARN_64_TO_32_BIT_CONVERSION = YES;
				GCC_WARN_ABOUT_RETURN_TYPE = YES_ERROR;
				GCC_WARN_UNDECLARED_SELECTOR = YES;
				GCC_WARN_UNINITIALIZED_AUTOS = YES_AGGRESSIVE;
				GCC_WARN_UNUSED_FUNCTION = YES;
				GCC_WARN_UNUSED_VARIABLE = YES;
				IPHONEOS_DEPLOYMENT_TARGET = 17.0;
				LOCALIZATION_PREFERS_STRING_CATALOGS = YES;
				MTL_ENABLE_DEBUG_INFO = INCLUDE_SOURCE;
				MTL_FAST_MATH = YES;
				ONLY_ACTIVE_ARCH = YES;
				SDKROOT = iphoneos;
				SWIFT_ACTIVE_COMPILATION_CONDITIONS = "DEBUG $(inherited)";
				SWIFT_OPTIMIZATION_LEVEL = "-Onone";
			};
			name = Debug;
		};
		9B8E7BEF2B9496D9001F3D88 /* Release */ = {
			isa = XCBuildConfiguration;
			buildSettings = {
				ALWAYS_SEARCH_USER_PATHS = NO;
				ASSETCATALOG_COMPILER_GENERATE_SWIFT_ASSET_SYMBOL_EXTENSIONS = YES;
				CLANG_ANALYZER_NONNULL = YES;
				CLANG_ANALYZER_NUMBER_OBJECT_CONVERSION = YES_AGGRESSIVE;
				CLANG_CXX_LANGUAGE_STANDARD = "gnu++20";
				CLANG_ENABLE_MODULES = YES;
				CLANG_ENABLE_OBJC_ARC = YES;
				CLANG_ENABLE_OBJC_WEAK = YES;
				CLANG_WARN_BLOCK_CAPTURE_AUTORELEASING = YES;
				CLANG_WARN_BOOL_CONVERSION = YES;
				CLANG_WARN_COMMA = YES;
				CLANG_WARN_CONSTANT_CONVERSION = YES;
				CLANG_WARN_DEPRECATED_OBJC_IMPLEMENTATIONS = YES;
				CLANG_WARN_DIRECT_OBJC_ISA_USAGE = YES_ERROR;
				CLANG_WARN_DOCUMENTATION_COMMENTS = YES;
				CLANG_WARN_EMPTY_BODY = YES;
				CLANG_WARN_ENUM_CONVERSION = YES;
				CLANG_WARN_INFINITE_RECURSION = YES;
				CLANG_WARN_INT_CONVERSION = YES;
				CLANG_WARN_NON_LITERAL_NULL_CONVERSION = YES;
				CLANG_WARN_OBJC_IMPLICIT_RETAIN_SELF = YES;
				CLANG_WARN_OBJC_LITERAL_CONVERSION = YES;
				CLANG_WARN_OBJC_ROOT_CLASS = YES_ERROR;
				CLANG_WARN_QUOTED_INCLUDE_IN_FRAMEWORK_HEADER = YES;
				CLANG_WARN_RANGE_LOOP_ANALYSIS = YES;
				CLANG_WARN_STRICT_PROTOTYPES = YES;
				CLANG_WARN_SUSPICIOUS_MOVE = YES;
				CLANG_WARN_UNGUARDED_AVAILABILITY = YES_AGGRESSIVE;
				CLANG_WARN_UNREACHABLE_CODE = YES;
				CLANG_WARN__DUPLICATE_METHOD_MATCH = YES;
				COPY_PHASE_STRIP = NO;
				DEBUG_INFORMATION_FORMAT = "dwarf-with-dsym";
				ENABLE_NS_ASSERTIONS = NO;
				ENABLE_STRICT_OBJC_MSGSEND = YES;
				ENABLE_USER_SCRIPT_SANDBOXING = YES;
				GCC_C_LANGUAGE_STANDARD = gnu17;
				GCC_NO_COMMON_BLOCKS = YES;
				GCC_WARN_64_TO_32_BIT_CONVERSION = YES;
				GCC_WARN_ABOUT_RETURN_TYPE = YES_ERROR;
				GCC_WARN_UNDECLARED_SELECTOR = YES;
				GCC_WARN_UNINITIALIZED_AUTOS = YES_AGGRESSIVE;
				GCC_WARN_UNUSED_FUNCTION = YES;
				GCC_WARN_UNUSED_VARIABLE = YES;
				IPHONEOS_DEPLOYMENT_TARGET = 17.0;
				LOCALIZATION_PREFERS_STRING_CATALOGS = YES;
				MTL_ENABLE_DEBUG_INFO = NO;
				MTL_FAST_MATH = YES;
				SDKROOT = iphoneos;
				SWIFT_COMPILATION_MODE = wholemodule;
				VALIDATE_PRODUCT = YES;
			};
			name = Release;
		};
		9B8E7BF12B9496D9001F3D88 /* Debug */ = {
			isa = XCBuildConfiguration;
			buildSettings = {
				ALWAYS_EMBED_SWIFT_STANDARD_LIBRARIES = YES;
				ASSETCATALOG_COMPILER_APPICON_NAME = AppIcon;
				ASSETCATALOG_COMPILER_GLOBAL_ACCENT_COLOR_NAME = AccentColor;
				CODE_SIGN_ENTITLEMENTS = ShortCapTest/ShortCapTest.entitlements;
				CODE_SIGN_STYLE = Automatic;
				CURRENT_PROJECT_VERSION = 1;
				DEVELOPMENT_TEAM = XHRN62S9RK;
				GENERATE_INFOPLIST_FILE = YES;
				INFOPLIST_FILE = ShortCapTest/Info.plist;
				INFOPLIST_KEY_LSApplicationCategoryType = NSExtensionActivationRule;
				INFOPLIST_KEY_UIApplicationSupportsIndirectInputEvents = YES;
				INFOPLIST_KEY_UILaunchStoryboardName = LaunchScreen;
				INFOPLIST_KEY_UIMainStoryboardFile = Main;
				INFOPLIST_KEY_UISupportedInterfaceOrientations_iPad = "UIInterfaceOrientationPortrait UIInterfaceOrientationPortraitUpsideDown UIInterfaceOrientationLandscapeLeft UIInterfaceOrientationLandscapeRight";
				INFOPLIST_KEY_UISupportedInterfaceOrientations_iPhone = "UIInterfaceOrientationPortrait UIInterfaceOrientationLandscapeLeft UIInterfaceOrientationLandscapeRight";
				LD_RUNPATH_SEARCH_PATHS = (
					"$(inherited)",
					"@executable_path/Frameworks",
				);
				MARKETING_VERSION = 1.0;
				PRODUCT_BUNDLE_IDENTIFIER = choijunyeong.ShortCapTest;
				PRODUCT_NAME = "$(TARGET_NAME)";
				SWIFT_EMIT_LOC_STRINGS = YES;
				SWIFT_VERSION = 5.0;
				TARGETED_DEVICE_FAMILY = "1,2";
			};
			name = Debug;
		};
		9B8E7BF22B9496D9001F3D88 /* Release */ = {
			isa = XCBuildConfiguration;
			buildSettings = {
				ALWAYS_EMBED_SWIFT_STANDARD_LIBRARIES = YES;
				ASSETCATALOG_COMPILER_APPICON_NAME = AppIcon;
				ASSETCATALOG_COMPILER_GLOBAL_ACCENT_COLOR_NAME = AccentColor;
				CODE_SIGN_ENTITLEMENTS = ShortCapTest/ShortCapTest.entitlements;
				CODE_SIGN_STYLE = Automatic;
				CURRENT_PROJECT_VERSION = 1;
				DEVELOPMENT_TEAM = XHRN62S9RK;
				GENERATE_INFOPLIST_FILE = YES;
				INFOPLIST_FILE = ShortCapTest/Info.plist;
				INFOPLIST_KEY_LSApplicationCategoryType = NSExtensionActivationRule;
				INFOPLIST_KEY_UIApplicationSupportsIndirectInputEvents = YES;
				INFOPLIST_KEY_UILaunchStoryboardName = LaunchScreen;
				INFOPLIST_KEY_UIMainStoryboardFile = Main;
				INFOPLIST_KEY_UISupportedInterfaceOrientations_iPad = "UIInterfaceOrientationPortrait UIInterfaceOrientationPortraitUpsideDown UIInterfaceOrientationLandscapeLeft UIInterfaceOrientationLandscapeRight";
				INFOPLIST_KEY_UISupportedInterfaceOrientations_iPhone = "UIInterfaceOrientationPortrait UIInterfaceOrientationLandscapeLeft UIInterfaceOrientationLandscapeRight";
				LD_RUNPATH_SEARCH_PATHS = (
					"$(inherited)",
					"@executable_path/Frameworks",
				);
				MARKETING_VERSION = 1.0;
				PRODUCT_BUNDLE_IDENTIFIER = choijunyeong.ShortCapTest;
				PRODUCT_NAME = "$(TARGET_NAME)";
				SWIFT_EMIT_LOC_STRINGS = YES;
				SWIFT_VERSION = 5.0;
				TARGETED_DEVICE_FAMILY = "1,2";
			};
			name = Release;
		};
		9B8E7C2D2B94F3AD001F3D88 /* Debug */ = {
			isa = XCBuildConfiguration;
			buildSettings = {
				CODE_SIGN_ENTITLEMENTS = ShareExtensionForShortCap/ShareExtensionForShortCap.entitlements;
				CODE_SIGN_STYLE = Automatic;
				CURRENT_PROJECT_VERSION = 1;
				DEVELOPMENT_TEAM = XHRN62S9RK;
				GENERATE_INFOPLIST_FILE = YES;
				INFOPLIST_FILE = ShareExtensionForShortCap/Info.plist;
				INFOPLIST_KEY_CFBundleDisplayName = ShareExtensionForShortCap;
				INFOPLIST_KEY_NSHumanReadableCopyright = "";
				LD_RUNPATH_SEARCH_PATHS = (
					"$(inherited)",
					"@executable_path/Frameworks",
					"@executable_path/../../Frameworks",
				);
				MARKETING_VERSION = 1.0;
				PRODUCT_BUNDLE_IDENTIFIER = choijunyeong.ShortCapTest.ShareExtensionForShortCap;
				PRODUCT_NAME = "$(TARGET_NAME)";
				SKIP_INSTALL = YES;
				SWIFT_EMIT_LOC_STRINGS = YES;
				SWIFT_VERSION = 5.0;
				TARGETED_DEVICE_FAMILY = "1,2";
			};
			name = Debug;
		};
		9B8E7C2E2B94F3AD001F3D88 /* Release */ = {
			isa = XCBuildConfiguration;
			buildSettings = {
				CODE_SIGN_ENTITLEMENTS = ShareExtensionForShortCap/ShareExtensionForShortCap.entitlements;
				CODE_SIGN_STYLE = Automatic;
				CURRENT_PROJECT_VERSION = 1;
				DEVELOPMENT_TEAM = XHRN62S9RK;
				GENERATE_INFOPLIST_FILE = YES;
				INFOPLIST_FILE = ShareExtensionForShortCap/Info.plist;
				INFOPLIST_KEY_CFBundleDisplayName = ShareExtensionForShortCap;
				INFOPLIST_KEY_NSHumanReadableCopyright = "";
				LD_RUNPATH_SEARCH_PATHS = (
					"$(inherited)",
					"@executable_path/Frameworks",
					"@executable_path/../../Frameworks",
				);
				MARKETING_VERSION = 1.0;
				PRODUCT_BUNDLE_IDENTIFIER = choijunyeong.ShortCapTest.ShareExtensionForShortCap;
				PRODUCT_NAME = "$(TARGET_NAME)";
				SKIP_INSTALL = YES;
				SWIFT_EMIT_LOC_STRINGS = YES;
				SWIFT_VERSION = 5.0;
				TARGETED_DEVICE_FAMILY = "1,2";
			};
			name = Release;
		};
/* End XCBuildConfiguration section */

/* Begin XCConfigurationList section */
		9B8E7BD72B9496D6001F3D88 /* Build configuration list for PBXProject "ShortCapTest" */ = {
			isa = XCConfigurationList;
			buildConfigurations = (
				9B8E7BEE2B9496D9001F3D88 /* Debug */,
				9B8E7BEF2B9496D9001F3D88 /* Release */,
			);
			defaultConfigurationIsVisible = 0;
			defaultConfigurationName = Release;
		};
		9B8E7BF02B9496D9001F3D88 /* Build configuration list for PBXNativeTarget "ShortCapTest" */ = {
			isa = XCConfigurationList;
			buildConfigurations = (
				9B8E7BF12B9496D9001F3D88 /* Debug */,
				9B8E7BF22B9496D9001F3D88 /* Release */,
			);
			defaultConfigurationIsVisible = 0;
			defaultConfigurationName = Release;
		};
		9B8E7C2C2B94F3AD001F3D88 /* Build configuration list for PBXNativeTarget "ShareExtensionForShortCap" */ = {
			isa = XCConfigurationList;
			buildConfigurations = (
				9B8E7C2D2B94F3AD001F3D88 /* Debug */,
				9B8E7C2E2B94F3AD001F3D88 /* Release */,
			);
			defaultConfigurationIsVisible = 0;
			defaultConfigurationName = Release;
		};
/* End XCConfigurationList section */

/* Begin XCRemoteSwiftPackageReference section */
		9B8E7C122B94C6AB001F3D88 /* XCRemoteSwiftPackageReference "Alamofire" */ = {
			isa = XCRemoteSwiftPackageReference;
			repositoryURL = "https://github.com/Alamofire/Alamofire";
			requirement = {
				kind = upToNextMajorVersion;
				minimumVersion = 5.8.1;
			};
		};
/* End XCRemoteSwiftPackageReference section */

/* Begin XCSwiftPackageProductDependency section */
		9B8E7C132B94C6AB001F3D88 /* Alamofire */ = {
			isa = XCSwiftPackageProductDependency;
			package = 9B8E7C122B94C6AB001F3D88 /* XCRemoteSwiftPackageReference "Alamofire" */;
			productName = Alamofire;
		};
/* End XCSwiftPackageProductDependency section */

/* Begin XCVersionGroup section */
		9B8E7BF92B9497D3001F3D88 /* ShareShortFormModel.xcdatamodeld */ = {
			isa = XCVersionGroup;
			children = (
				9B8E7BFA2B9497D3001F3D88 /* ShareShortFormModel.xcdatamodel */,
			);
			currentVersion = 9B8E7BFA2B9497D3001F3D88 /* ShareShortFormModel.xcdatamodel */;
			path = ShareShortFormModel.xcdatamodeld;
			sourceTree = "<group>";
			versionGroupType = wrapper.xcdatamodel;
		};
/* End XCVersionGroup section */
	};
	rootObject = 9B8E7BD42B9496D6001F3D88 /* Project object */;
}
